{
	"name": "manta-thoth",
	"version": "1.3.2",
	"lockfileVersion": 1,
	"requires": true,
	"dependencies": {
		"ansi-regex": {
			"version": "2.1.1",
			"resolved": "https://registry.npmjs.org/ansi-regex/-/ansi-regex-2.1.1.tgz",
			"integrity": "sha1-w7M6te42DYbg5ijwRorn7yfWVN8="
		},
		"asn1": {
			"version": "0.2.4",
			"resolved": "https://registry.npmjs.org/asn1/-/asn1-0.2.4.tgz",
			"integrity": "sha512-jxwzQpLQjSmWXgwaCZE9Nz+glAG01yF1QnWgbhGwHI5A6FRIEY6IVqtHhIepHqI7/kyEyQEagBC5mBEFlIYvdg==",
			"requires": {
				"safer-buffer": "~2.1.0"
			}
		},
		"assert-plus": {
			"version": "1.0.0",
			"resolved": "https://registry.npmjs.org/assert-plus/-/assert-plus-1.0.0.tgz",
			"integrity": "sha1-8S4PPF13sLHN2RRpQuTpbB5N1SU="
		},
		"backoff": {
			"version": "2.3.0",
			"resolved": "https://registry.npmjs.org/backoff/-/backoff-2.3.0.tgz",
			"integrity": "sha1-7nx+OAk/kuRyhZ22NedlJFT8Ieo="
		},
		"balanced-match": {
			"version": "1.0.0",
			"resolved": "https://registry.npmjs.org/balanced-match/-/balanced-match-1.0.0.tgz",
			"integrity": "sha1-ibTRmasr7kneFk6gK4nORi1xt2c="
		},
		"bcrypt-pbkdf": {
			"version": "1.0.2",
			"resolved": "https://registry.npmjs.org/bcrypt-pbkdf/-/bcrypt-pbkdf-1.0.2.tgz",
			"integrity": "sha1-pDAdOJtqQ/m2f/PKEaP2Y342Dp4=",
			"requires": {
				"tweetnacl": "^0.14.3"
			}
		},
		"bigspinner": {
			"version": "3.1.0",
			"resolved": "https://registry.npmjs.org/bigspinner/-/bigspinner-3.1.0.tgz",
			"integrity": "sha1-3TqGKy/t9m/uhHEyAGlCjQ2EQno="
		},
		"block-stream": {
			"version": "0.0.9",
			"resolved": "https://registry.npmjs.org/block-stream/-/block-stream-0.0.9.tgz",
			"integrity": "sha1-E+v+d4oDIFz+A3UUgeu0szAMEmo=",
			"requires": {
				"inherits": "~2.0.0"
			}
		},
		"bluebird": {
			"version": "2.11.0",
			"resolved": "https://registry.npmjs.org/bluebird/-/bluebird-2.11.0.tgz",
			"integrity": "sha1-U0uQM8AiyVecVro7Plpcqvu2UOE="
		},
		"brace-expansion": {
			"version": "1.1.11",
			"resolved": "https://registry.npmjs.org/brace-expansion/-/brace-expansion-1.1.11.tgz",
			"integrity": "sha512-iCuPHDFgrHX7H2vEI/5xpz07zSHB00TpugqhmYtVmMO6518mCuRMoOYFldEBl0g187ufozdaHgWKcYFb61qGiA==",
			"requires": {
				"balanced-match": "^1.0.0",
				"concat-map": "0.0.1"
			}
		},
		"bunyan": {
			"version": "1.8.12",
			"resolved": "https://registry.npmjs.org/bunyan/-/bunyan-1.8.12.tgz",
			"integrity": "sha1-8VDw9nSKvdcq6uhPBEA74u8RN5c=",
			"requires": {
				"dtrace-provider": "~0.8",
				"moment": "^2.10.6",
				"mv": "~2",
				"safe-json-stringify": "~1"
			}
		},
		"camelcase": {
			"version": "2.1.1",
			"resolved": "https://registry.npmjs.org/camelcase/-/camelcase-2.1.1.tgz",
			"integrity": "sha1-fB0W1nmhu+WcoCys7PsBHiAfWh8="
		},
		"cliui": {
			"version": "3.2.0",
			"resolved": "https://registry.npmjs.org/cliui/-/cliui-3.2.0.tgz",
			"integrity": "sha1-EgYBU3qRbSmUD5NNo7SNWFo5IT0=",
			"requires": {
				"string-width": "^1.0.1",
				"strip-ansi": "^3.0.1",
				"wrap-ansi": "^2.0.0"
			}
		},
		"clone": {
			"version": "0.1.19",
			"resolved": "https://registry.npmjs.org/clone/-/clone-0.1.19.tgz",
			"integrity": "sha1-YT+2hjmyaklKxTJT4Vsaa9iK2oU="
		},
		"cmdln": {
			"version": "4.1.2",
			"resolved": "https://registry.npmjs.org/cmdln/-/cmdln-4.1.2.tgz",
			"integrity": "sha1-Q0W7VJjysJa6heyMVXmoyyUvfHA=",
			"requires": {
				"assert-plus": "^1.0.0",
				"dashdash": "^1.14.1",
				"extsprintf": "^1.2.0",
				"fuzzyset.js": "^0.0.1",
				"verror": "^1.6.0"
			}
		},
		"code-point-at": {
			"version": "1.1.0",
			"resolved": "https://registry.npmjs.org/code-point-at/-/code-point-at-1.1.0.tgz",
			"integrity": "sha1-DQcLTQQ6W+ozovGkDi7bPZpMz3c="
		},
		"concat-map": {
			"version": "0.0.1",
			"resolved": "https://registry.npmjs.org/concat-map/-/concat-map-0.0.1.tgz",
			"integrity": "sha1-2Klr13/Wjfd5OnMDajug1UBdR3s="
		},
		"core-util-is": {
			"version": "1.0.2",
			"resolved": "https://registry.npmjs.org/core-util-is/-/core-util-is-1.0.2.tgz",
			"integrity": "sha1-tf1UIgqivFq1eqtxQMlAdUUDwac="
		},
		"ctype": {
			"version": "0.5.5",
			"resolved": "https://registry.npmjs.org/ctype/-/ctype-0.5.5.tgz",
			"integrity": "sha1-nzjF4eiYQOsfWXKQ0SKuKXJqVvs="
		},
		"dashdash": {
			"version": "1.14.1",
			"resolved": "https://registry.npmjs.org/dashdash/-/dashdash-1.14.1.tgz",
			"integrity": "sha1-hTz6D3y+L+1d4gMmuN1YEDX24vA=",
			"requires": {
				"assert-plus": "^1.0.0"
			}
		},
		"decamelize": {
			"version": "1.2.0",
			"resolved": "https://registry.npmjs.org/decamelize/-/decamelize-1.2.0.tgz",
			"integrity": "sha1-9lNNFRSCabIDUue+4m9QH5oZEpA="
		},
		"dtrace-provider": {
			"version": "0.8.8",
			"resolved": "https://registry.npmjs.org/dtrace-provider/-/dtrace-provider-0.8.8.tgz",
			"integrity": "sha512-b7Z7cNtHPhH9EJhNNbbeqTcXB8LGFFZhq1PGgEvpeHlzd36bhbdTWoE/Ba/YguqpBSlAPKnARWhVlhunCMwfxg==",
			"requires": {
				"nan": "^2.14.0"
			}
		},
		"ecc-jsbn": {
			"version": "0.1.2",
			"resolved": "https://registry.npmjs.org/ecc-jsbn/-/ecc-jsbn-0.1.2.tgz",
			"integrity": "sha1-OoOpBOVDUyh4dMVkt1SThoSamMk=",
			"requires": {
				"jsbn": "~0.1.0",
				"safer-buffer": "^2.1.0"
			}
		},
		"extsprintf": {
			"version": "1.3.0",
			"resolved": "https://registry.npmjs.org/extsprintf/-/extsprintf-1.3.0.tgz",
			"integrity": "sha1-lpGEQOMEGnpBT4xS48V06zw+HgU="
		},
		"fast-safe-stringify": {
			"version": "1.2.3",
			"resolved": "https://registry.npmjs.org/fast-safe-stringify/-/fast-safe-stringify-1.2.3.tgz",
			"integrity": "sha512-QJYT/i0QYoiZBQ71ivxdyTqkwKkQ0oxACXHYxH2zYHJEgzi2LsbjgvtzTbLi1SZcF190Db2YP7I7eTsU2egOlw=="
		},
		"fs.realpath": {
			"version": "1.0.0",
			"resolved": "https://registry.npmjs.org/fs.realpath/-/fs.realpath-1.0.0.tgz",
			"integrity": "sha1-FQStJSMVjKpA20onh8sBQRmU6k8="
		},
		"fstream": {
			"version": "1.0.12",
			"resolved": "https://registry.npmjs.org/fstream/-/fstream-1.0.12.tgz",
			"integrity": "sha512-WvJ193OHa0GHPEL+AycEJgxvBEwyfRkN1vhjca23OaPVMCaLCXTd5qAu82AjTcgP1UJmytkOKb63Ypde7raDIg==",
			"requires": {
				"graceful-fs": "^4.1.2",
				"inherits": "~2.0.0",
				"mkdirp": ">=0.5 0",
				"rimraf": "2"
			},
			"dependencies": {
				"mkdirp": {
					"version": "0.5.3",
					"resolved": "https://registry.npmjs.org/mkdirp/-/mkdirp-0.5.3.tgz",
					"integrity": "sha512-P+2gwrFqx8lhew375MQHHeTlY8AuOJSrGf0R5ddkEndUkmwpgUob/vQuBD1V22/Cw1/lJr4x+EjllSezBThzBg==",
					"requires": {
						"minimist": "^1.2.5"
					}
				}
			}
		},
		"fuzzyset.js": {
			"version": "0.0.1",
			"resolved": "https://registry.npmjs.org/fuzzyset.js/-/fuzzyset.js-0.0.1.tgz",
			"integrity": "sha1-l54i+UUbSzjwUfeTfJGdusxpKVg="
		},
		"getpass": {
			"version": "0.1.7",
			"resolved": "https://registry.npmjs.org/getpass/-/getpass-0.1.7.tgz",
			"integrity": "sha1-Xv+OPmhNVprkyysSgmBOi6YhSfo=",
			"requires": {
				"assert-plus": "^1.0.0"
			}
		},
		"glob": {
			"version": "6.0.4",
			"resolved": "https://registry.npmjs.org/glob/-/glob-6.0.4.tgz",
			"integrity": "sha1-DwiGD2oVUSey+t1PnOJLGqtuTSI=",
			"requires": {
				"inflight": "^1.0.4",
				"inherits": "2",
				"minimatch": "2 || 3",
				"once": "^1.3.0",
				"path-is-absolute": "^1.0.0"
			}
		},
		"graceful-fs": {
			"version": "4.2.3",
			"resolved": "https://registry.npmjs.org/graceful-fs/-/graceful-fs-4.2.3.tgz",
			"integrity": "sha512-a30VEBm4PEdx1dRB7MFK7BejejvCvBronbLjht+sHuGYj8PHs7M/5Z+rt5lw551vZ7yfTCj4Vuyy3mSJytDWRQ=="
		},
		"hogan.js": {
			"version": "2.0.0",
			"resolved": "https://registry.npmjs.org/hogan.js/-/hogan.js-2.0.0.tgz",
			"integrity": "sha1-OlsEGG1Rc3/SA1eS1Bmp9agvnQ4="
		},
		"http-signature": {
			"version": "1.3.2",
			"resolved": "https://registry.npmjs.org/http-signature/-/http-signature-1.3.2.tgz",
			"integrity": "sha512-sjgXeFLIVJ54n1+HWOvazGkIQpaawFGIQ1PYPORaFNWpPHJ28ZuDgWljvMIhAIcOelTtrh9e5wVB3IorxjiZDA==",
			"requires": {
				"assert-plus": "^1.0.0",
				"jsprim": "^1.2.2",
				"sshpk": "^1.14.1"
			}
		},
		"inflight": {
			"version": "1.0.6",
			"resolved": "https://registry.npmjs.org/inflight/-/inflight-1.0.6.tgz",
			"integrity": "sha1-Sb1jMdfQLQwJvJEKEHW6gWW1bfk=",
			"requires": {
				"once": "^1.3.0",
				"wrappy": "1"
			}
		},
		"inherits": {
			"version": "2.0.4",
			"resolved": "https://registry.npmjs.org/inherits/-/inherits-2.0.4.tgz",
			"integrity": "sha512-k/vGaX4/Yla3WzyMCvTQOXYeIHvqOKtnqBduzTHpzpQZzAskKMhZ2K+EnBiSM9zGSoIFeMpXKxa4dYeZIQqewQ=="
		},
		"invert-kv": {
			"version": "1.0.0",
			"resolved": "https://registry.npmjs.org/invert-kv/-/invert-kv-1.0.0.tgz",
			"integrity": "sha1-EEqOSqym09jNFXqO+L+rLXo//bY="
		},
		"is-absolute": {
			"version": "0.1.7",
			"resolved": "https://registry.npmjs.org/is-absolute/-/is-absolute-0.1.7.tgz",
			"integrity": "sha1-hHSREZ/MtftDYhfMc39/qtUPYD8=",
			"requires": {
				"is-relative": "^0.1.0"
			}
		},
		"is-fullwidth-code-point": {
			"version": "1.0.0",
			"resolved": "https://registry.npmjs.org/is-fullwidth-code-point/-/is-fullwidth-code-point-1.0.0.tgz",
			"integrity": "sha1-754xOG8DGn8NZDr4L95QxFfvAMs=",
			"requires": {
				"number-is-nan": "^1.0.0"
			}
		},
		"is-relative": {
			"version": "0.1.3",
			"resolved": "https://registry.npmjs.org/is-relative/-/is-relative-0.1.3.tgz",
			"integrity": "sha1-kF/uiuhvRbPsYUvDwVyGnfCHboI="
		},
		"isarray": {
			"version": "0.0.1",
			"resolved": "https://registry.npmjs.org/isarray/-/isarray-0.0.1.tgz",
			"integrity": "sha1-ihis/Kmo9Bd+Cav8YDiTmwXR7t8="
		},
		"isexe": {
			"version": "1.1.2",
			"resolved": "https://registry.npmjs.org/isexe/-/isexe-1.1.2.tgz",
			"integrity": "sha1-NvPiLmB1CSD15yQaR2qMakInWtA="
		},
		"jsbn": {
			"version": "0.1.1",
			"resolved": "https://registry.npmjs.org/jsbn/-/jsbn-0.1.1.tgz",
			"integrity": "sha1-peZUwuWi3rXyAdls77yoDA7y9RM="
		},
		"json-schema": {
			"version": "0.2.3",
			"resolved": "https://registry.npmjs.org/json-schema/-/json-schema-0.2.3.tgz",
			"integrity": "sha1-tIDIkuWaLwWVTOcnvT8qTogvnhM="
		},
		"jsprim": {
			"version": "1.4.1",
			"resolved": "https://registry.npmjs.org/jsprim/-/jsprim-1.4.1.tgz",
			"integrity": "sha1-MT5mvB5cwG5Di8G3SZwuXFastqI=",
			"requires": {
				"assert-plus": "1.0.0",
				"extsprintf": "1.3.0",
				"json-schema": "0.2.3",
				"verror": "1.10.0"
			}
		},
		"keep-alive-agent": {
			"version": "0.0.1",
			"resolved": "https://registry.npmjs.org/keep-alive-agent/-/keep-alive-agent-0.0.1.tgz",
			"integrity": "sha1-RIR8o5TOjWtSGuhYFr1kUJlCs4U="
		},
		"lcid": {
			"version": "1.0.0",
			"resolved": "https://registry.npmjs.org/lcid/-/lcid-1.0.0.tgz",
			"integrity": "sha1-MIrMr6C8SDo4Z7S28rlQYlHRuDU=",
			"requires": {
				"invert-kv": "^1.0.0"
			}
		},
		"lodash": {
			"version": "4.17.15",
			"resolved": "https://registry.npmjs.org/lodash/-/lodash-4.17.15.tgz",
			"integrity": "sha512-8xOcRHvCjnocdS5cpwXQXVzmmh5e5+saE2QGoeQmbKmRS6J3VQppPOIt0MnmE+4xlZoumy0GPG0D0MVIQbNA1A=="
		},
		"lomstream": {
			"version": "1.1.0",
			"resolved": "https://registry.npmjs.org/lomstream/-/lomstream-1.1.0.tgz",
			"integrity": "sha1-Kn+AZuw6tAvvKMo4SELnU0AYO/A=",
			"requires": {
				"assert-plus": "0.1.5",
				"extsprintf": "1.3.0",
				"vstream": "0.1.0"
			},
			"dependencies": {
				"assert-plus": {
					"version": "0.1.5",
					"resolved": "https://registry.npmjs.org/assert-plus/-/assert-plus-0.1.5.tgz",
					"integrity": "sha1-7nQAlBMALYTOxyGcasgRgS5yMWA="
				}
			}
		},
		"lru-cache": {
			"version": "4.1.5",
			"resolved": "https://registry.npmjs.org/lru-cache/-/lru-cache-4.1.5.tgz",
			"integrity": "sha512-sWZlbEP2OsHNkXrMl5GYk/jKk70MBng6UU4YI/qGDYbgf6YbP4EvmqISbXCoJiRKs+1bSpFHVgQxvJ17F2li5g==",
			"requires": {
				"pseudomap": "^1.0.2",
				"yallist": "^2.1.2"
			}
		},
		"lstream": {
			"version": "0.0.4",
			"resolved": "https://registry.npmjs.org/lstream/-/lstream-0.0.4.tgz",
			"integrity": "sha1-1jd2TqM6kpvQDzTSojwiVtDV+1s=",
			"requires": {
				"readable-stream": ">= 1.0.2"
			}
		},
		"manta": {
			"version": "5.2.1",
			"resolved": "https://registry.npmjs.org/manta/-/manta-5.2.1.tgz",
			"integrity": "sha512-5/nUtyPcSe50rG30rCG0qXbi0f3UTI6u+kR9vMxHQb3l1selXaDgzilNL9/3xfT7g9MkkgV3NtQXifa+OG16MA==",
			"requires": {
				"assert-plus": "^1.0.0",
				"backoff": "~2.3.0",
				"bunyan": "^1.8.1",
				"clone": "~0.1.11",
				"cmdln": "4.1.2",
				"dashdash": "1.14.1",
				"extsprintf": "^1.3.0",
				"hogan.js": "~2.0.0",
				"jsprim": "^1.3.0",
				"lomstream": "^1.1.0",
				"lstream": "~0.0.4",
				"mime": "~1.2.11",
				"moment": "^2.22.2",
				"once": "~1.4.0",
				"path-platform": "~0.0.1",
				"progbar": "^1.2.1",
				"readable-stream": "~1.1.9",
				"restify-clients": "~1.6.0",
				"showdown": "~1.4.2",
				"smartdc-auth": "^2.4.1",
				"strsplit": "1.0.0",
				"tar": "~2.2.1",
				"uuid": "~2.0.2",
				"vasync": "^1.6.4",
				"verror": "^1.6.1",
				"watershed": "^0.3.1"
			},
			"dependencies": {
				"readable-stream": {
					"version": "1.1.14",
					"resolved": "https://registry.npmjs.org/readable-stream/-/readable-stream-1.1.14.tgz",
					"integrity": "sha1-fPTFTvZI44EwhMY23SB54WbAgdk=",
					"requires": {
						"core-util-is": "~1.0.0",
						"inherits": "~2.0.1",
						"isarray": "0.0.1",
						"string_decoder": "~0.10.x"
					}
				},
				"string_decoder": {
					"version": "0.10.31",
					"resolved": "https://registry.npmjs.org/string_decoder/-/string_decoder-0.10.31.tgz",
					"integrity": "sha1-YuIDvEF2bGwoyfyEMB2rHFMQ+pQ="
				},
				"vasync": {
					"version": "1.6.4",
					"resolved": "https://registry.npmjs.org/vasync/-/vasync-1.6.4.tgz",
					"integrity": "sha1-3+k2Fq0OeugBszKp2Iv8XNyOHR8=",
					"requires": {
						"verror": "1.6.0"
					},
					"dependencies": {
						"extsprintf": {
							"version": "1.2.0",
							"resolved": "https://registry.npmjs.org/extsprintf/-/extsprintf-1.2.0.tgz",
							"integrity": "sha1-WtlGwi9bMrp/jNdCZxHG6KP8JSk="
						},
						"verror": {
							"version": "1.6.0",
							"resolved": "https://registry.npmjs.org/verror/-/verror-1.6.0.tgz",
							"integrity": "sha1-fROyex+swuLakEBetepuW90lLqU=",
							"requires": {
								"extsprintf": "1.2.0"
							}
						}
					}
				}
			}
		},
		"mime": {
			"version": "1.2.11",
			"resolved": "https://registry.npmjs.org/mime/-/mime-1.2.11.tgz",
			"integrity": "sha1-WCA+7Ybjpe8XrtK32evUfwpg3RA="
		},
		"minimatch": {
			"version": "3.0.4",
			"resolved": "https://registry.npmjs.org/minimatch/-/minimatch-3.0.4.tgz",
			"integrity": "sha512-yJHVQEhyqPLUTgt9B83PXu6W3rx4MvvHvSUvToogpwoGDOUQ+yDrR0HRot+yOCdCO7u4hX3pWft6kWBBcqh0UA==",
			"requires": {
				"brace-expansion": "^1.1.7"
			}
		},
		"minimist": {
			"version": "1.2.5",
			"resolved": "https://registry.npmjs.org/minimist/-/minimist-1.2.5.tgz",
			"integrity": "sha512-FM9nNUYrRBAELZQT3xeZQ7fmMOBg6nWNmJKTcgsJeaLstP/UODVpGsr5OhXhhXg6f+qtJ8uiZ+PUxkDWcgIXLw=="
		},
		"mkdirp": {
			"version": "0.5.3",
			"resolved": "https://registry.npmjs.org/mkdirp/-/mkdirp-0.5.3.tgz",
			"integrity": "sha512-P+2gwrFqx8lhew375MQHHeTlY8AuOJSrGf0R5ddkEndUkmwpgUob/vQuBD1V22/Cw1/lJr4x+EjllSezBThzBg==",
			"requires": {
				"minimist": "^1.2.5"
			}
		},
		"moment": {
			"version": "2.24.0",
			"resolved": "https://registry.npmjs.org/moment/-/moment-2.24.0.tgz",
			"integrity": "sha512-bV7f+6l2QigeBBZSM/6yTNq4P2fNpSWj/0e7jQcy87A8e7o2nAfP/34/2ky5Vw4B9S446EtIhodAzkFCcR4dQg=="
		},
		"mooremachine": {
			"version": "2.3.0",
			"resolved": "https://registry.npmjs.org/mooremachine/-/mooremachine-2.3.0.tgz",
			"integrity": "sha512-IrhznRheWtDcT/TEL3cqaT4UJOqc5G3K8TnGq29PRXZil+sWGPkcM6SHVUZVirTKFKceuCadfyDMjmRoXCN21A==",
			"requires": {
				"assert-plus": ">=0.2.0 <0.3.0",
				"dtrace-provider": "~0.8"
			},
			"dependencies": {
				"assert-plus": {
					"version": "0.2.0",
					"resolved": "https://registry.npmjs.org/assert-plus/-/assert-plus-0.2.0.tgz",
					"integrity": "sha1-104bh+ev/A24qttwIfP+SBAasjQ="
				}
			}
		},
		"mute-stream": {
			"version": "0.0.8",
			"resolved": "https://registry.npmjs.org/mute-stream/-/mute-stream-0.0.8.tgz",
			"integrity": "sha512-nnbWWOkoWyUsTjKrhgD0dcz22mdkSnpYqbEjIm2nhwhuxlSkpywJmBo8h0ZqJdkp73mb90SssHkN4rsRaBAfAA=="
		},
		"mv": {
			"version": "2.1.1",
			"resolved": "https://registry.npmjs.org/mv/-/mv-2.1.1.tgz",
			"integrity": "sha1-rmzg1vbV4KT32JN5jQPB6pVZtqI=",
			"optional": true,
			"requires": {
				"mkdirp": "~0.5.1",
				"ncp": "~2.0.0",
				"rimraf": "~2.4.0"
			},
			"dependencies": {
				"mkdirp": {
					"version": "0.5.3",
					"resolved": "https://registry.npmjs.org/mkdirp/-/mkdirp-0.5.3.tgz",
					"integrity": "sha512-P+2gwrFqx8lhew375MQHHeTlY8AuOJSrGf0R5ddkEndUkmwpgUob/vQuBD1V22/Cw1/lJr4x+EjllSezBThzBg==",
					"optional": true,
					"requires": {
						"minimist": "^1.2.5"
					}
				}
			}
		},
		"nan": {
			"version": "2.14.0",
			"resolved": "https://registry.npmjs.org/nan/-/nan-2.14.0.tgz",
			"integrity": "sha512-INOFj37C7k3AfaNTtX8RhsTw7qRy7eLET14cROi9+5HAVbbHuIWUHEauBv5qT4Av2tWasiTY1Jw6puUNqRJXQg=="
		},
		"ncp": {
			"version": "2.0.0",
			"resolved": "https://registry.npmjs.org/ncp/-/ncp-2.0.0.tgz",
			"integrity": "sha1-GVoh1sRuNh0vsSgbo4uR6d9727M=",
			"optional": true
		},
		"node-int64": {
			"version": "0.4.0",
			"resolved": "https://registry.npmjs.org/node-int64/-/node-int64-0.4.0.tgz",
			"integrity": "sha1-h6kGXNs1XTGC2PlM4RGIuCXGijs="
		},
		"number-is-nan": {
			"version": "1.0.1",
			"resolved": "https://registry.npmjs.org/number-is-nan/-/number-is-nan-1.0.1.tgz",
			"integrity": "sha1-CXtgK1NCKlIsGvuHkDGDNpQaAR0="
		},
		"once": {
			"version": "1.4.0",
			"resolved": "https://registry.npmjs.org/once/-/once-1.4.0.tgz",
			"integrity": "sha1-WDsap3WWHUsROsF9nFC6753Xa9E=",
			"requires": {
				"wrappy": "1"
			}
		},
		"os-locale": {
			"version": "1.4.0",
			"resolved": "https://registry.npmjs.org/os-locale/-/os-locale-1.4.0.tgz",
			"integrity": "sha1-IPnxeuKe00XoveWDsT0gCYA8FNk=",
			"requires": {
				"lcid": "^1.0.0"
			}
		},
		"path-is-absolute": {
			"version": "1.0.1",
			"resolved": "https://registry.npmjs.org/path-is-absolute/-/path-is-absolute-1.0.1.tgz",
			"integrity": "sha1-F0uSaHNVNP+8es5r9TpanhtcX18="
		},
		"path-platform": {
			"version": "0.0.1",
			"resolved": "https://registry.npmjs.org/path-platform/-/path-platform-0.0.1.tgz",
			"integrity": "sha1-tVhdfDxGPYmqAGDYZhHPGv1hfio="
		},
		"precond": {
			"version": "0.2.3",
			"resolved": "https://registry.npmjs.org/precond/-/precond-0.2.3.tgz",
			"integrity": "sha1-qpWRvKokkj8eD0hJ0kD0fvwQdaw="
		},
		"process-nextick-args": {
			"version": "2.0.1",
			"resolved": "https://registry.npmjs.org/process-nextick-args/-/process-nextick-args-2.0.1.tgz",
			"integrity": "sha512-3ouUOpQhtgrbOa17J7+uxOTpITYWaGP7/AhoR3+A+/1e9skrzelGi/dXzEYyvbxubEF6Wn2ypscTKiKJFFn1ag=="
		},
		"progbar": {
			"version": "1.2.1",
			"resolved": "https://registry.npmjs.org/progbar/-/progbar-1.2.1.tgz",
			"integrity": "sha512-iEb0ZXmdQ24Pphdwa8+LbH75hMpuCMlPnsFUa3zHzDQj4kq4q72VGuD2pe3nwauKjxKgq3U0M9tCoLes6ISltw==",
			"requires": {
				"assert-plus": "^1.0.0",
				"extsprintf": "^1.4.0",
				"readable-stream": "~1.0.27-1"
			},
			"dependencies": {
				"extsprintf": {
					"version": "1.4.0",
					"resolved": "https://registry.npmjs.org/extsprintf/-/extsprintf-1.4.0.tgz",
					"integrity": "sha1-4mifjzVvrWLMplo6kcXfX5VRaS8="
				},
				"readable-stream": {
					"version": "1.0.34",
					"resolved": "https://registry.npmjs.org/readable-stream/-/readable-stream-1.0.34.tgz",
					"integrity": "sha1-Elgg40vIQtLyqq+v5MKRbuMsFXw=",
					"requires": {
						"core-util-is": "~1.0.0",
						"inherits": "~2.0.1",
						"isarray": "0.0.1",
						"string_decoder": "~0.10.x"
					}
				},
				"string_decoder": {
					"version": "0.10.31",
					"resolved": "https://registry.npmjs.org/string_decoder/-/string_decoder-0.10.31.tgz",
					"integrity": "sha1-YuIDvEF2bGwoyfyEMB2rHFMQ+pQ="
				}
			}
		},
		"pseudomap": {
			"version": "1.0.2",
			"resolved": "https://registry.npmjs.org/pseudomap/-/pseudomap-1.0.2.tgz",
			"integrity": "sha1-8FKijacOYYkX7wqKw0wa5aaChrM="
		},
		"read": {
			"version": "1.0.7",
			"resolved": "https://registry.npmjs.org/read/-/read-1.0.7.tgz",
			"integrity": "sha1-s9oZvQUkMal2cdRKQmNK33ELQMQ=",
			"requires": {
				"mute-stream": "~0.0.4"
			}
		},
		"readable-stream": {
			"version": "3.6.0",
			"resolved": "https://registry.npmjs.org/readable-stream/-/readable-stream-3.6.0.tgz",
			"integrity": "sha512-BViHy7LKeTz4oNnkcLJ+lVSL6vpiFeX6/d3oSH8zCW7UxP2onchk+vTGB143xuFjHS3deTgkKoXXymXqymiIdA==",
			"requires": {
				"inherits": "^2.0.3",
				"string_decoder": "^1.1.1",
				"util-deprecate": "^1.0.1"
			}
		},
		"restify-clients": {
			"version": "1.6.0",
			"resolved": "https://registry.npmjs.org/restify-clients/-/restify-clients-1.6.0.tgz",
			"integrity": "sha1-HqrBdhhRYhBNzFRvlElQtwIp+OU=",
			"requires": {
				"assert-plus": "^1.0.0",
				"backoff": "^2.4.1",
				"bunyan": "^1.8.3",
				"dtrace-provider": "^0.8.3",
				"fast-safe-stringify": "^1.1.3",
				"keep-alive-agent": "0.0.1",
				"lodash": "^4.7.0",
				"lru-cache": "^4.0.1",
				"mime": "^1.3.4",
				"once": "^1.3.2",
				"restify-errors": "^3.1.0",
				"semver": "^5.0.1",
				"tunnel-agent": "^0.6.0",
				"uuid": "^3.0.1"
			},
			"dependencies": {
				"backoff": {
					"version": "2.5.0",
					"resolved": "https://registry.npmjs.org/backoff/-/backoff-2.5.0.tgz",
					"integrity": "sha1-9hbtqdPktmuMp/ynn2lXIsX44m8=",
					"requires": {
						"precond": "0.2"
					}
				},
				"mime": {
					"version": "1.6.0",
					"resolved": "https://registry.npmjs.org/mime/-/mime-1.6.0.tgz",
					"integrity": "sha512-x0Vn8spI+wuJ1O6S7gnbaQg8Pxh4NNHb7KSINmEWKiPE4RKOplvijn+NkmYmmRgP68mc70j2EbeTFRsrswaQeg=="
				},
				"uuid": {
					"version": "3.4.0",
					"resolved": "https://registry.npmjs.org/uuid/-/uuid-3.4.0.tgz",
					"integrity": "sha512-HjSDRw6gZE5JMggctHBcjVak08+KEVhSIiDzFnT9S9aegmp85S/bReBVTb4QTFaRNptJ9kuYaNhnbNEOkbKb/A=="
				}
			}
		},
		"restify-errors": {
			"version": "3.1.0",
			"resolved": "https://registry.npmjs.org/restify-errors/-/restify-errors-3.1.0.tgz",
			"integrity": "sha1-BrVHlHeHTAhW14KhLIcH3NrVPxY=",
			"requires": {
				"assert-plus": "^0.2.0",
				"lodash": "^3.10.1",
				"verror": "^1.6.0"
			},
			"dependencies": {
				"assert-plus": {
					"version": "0.2.0",
					"resolved": "https://registry.npmjs.org/assert-plus/-/assert-plus-0.2.0.tgz",
					"integrity": "sha1-104bh+ev/A24qttwIfP+SBAasjQ="
				},
				"lodash": {
					"version": "3.10.1",
					"resolved": "https://registry.npmjs.org/lodash/-/lodash-3.10.1.tgz",
					"integrity": "sha1-W/Rejkm6QYnhfUgnid/RW9FAt7Y="
				}
			}
		},
		"rethinkdb": {
			"version": "2.0.0",
			"resolved": "https://registry.npmjs.org/rethinkdb/-/rethinkdb-2.0.0.tgz",
			"integrity": "sha1-XUb1ioQ9TfwCgZO0l7VhMHhO6pU=",
			"requires": {
				"bluebird": ">= 2.3.2 < 3"
			}
		},
		"rimraf": {
			"version": "2.4.5",
			"resolved": "https://registry.npmjs.org/rimraf/-/rimraf-2.4.5.tgz",
			"integrity": "sha1-7nEM5dk6j9uFb7Xqj/Di11k0sto=",
			"requires": {
				"glob": "^6.0.1"
			}
		},
		"safe-buffer": {
			"version": "5.2.0",
			"resolved": "https://registry.npmjs.org/safe-buffer/-/safe-buffer-5.2.0.tgz",
			"integrity": "sha512-fZEwUGbVl7kouZs1jCdMLdt95hdIv0ZeHg6L7qPeciMZhZ+/gdesW4wgTARkrFWEpspjEATAzUGPG8N2jJiwbg=="
		},
		"safe-json-stringify": {
			"version": "1.2.0",
			"resolved": "https://registry.npmjs.org/safe-json-stringify/-/safe-json-stringify-1.2.0.tgz",
			"integrity": "sha512-gH8eh2nZudPQO6TytOvbxnuhYBOvDBBLW52tz5q6X58lJcd/tkmqFR+5Z9adS8aJtURSXWThWy/xJtJwixErvg==",
			"optional": true
		},
		"safer-buffer": {
			"version": "2.1.2",
			"resolved": "https://registry.npmjs.org/safer-buffer/-/safer-buffer-2.1.2.tgz",
			"integrity": "sha512-YZo3K82SD7Riyi0E1EQPojLz7kpepnSQI9IyPbHHg1XXXevb5dJI7tpyN2ADxGcQbHG7vcyRHk0cbwqcQriUtg=="
		},
		"semver": {
			"version": "5.7.1",
			"resolved": "https://registry.npmjs.org/semver/-/semver-5.7.1.tgz",
			"integrity": "sha512-sauaDf/PZdVgrLTNYHRtpXa1iRiKcaebiKQ1BJdpQlWH2lCvexQdX55snPFyK7QzpudqbCI0qXFfOasHdyNDGQ=="
		},
		"showdown": {
			"version": "1.4.4",
			"resolved": "https://registry.npmjs.org/showdown/-/showdown-1.4.4.tgz",
			"integrity": "sha1-aAXlaVUeMSKSb52PBp9ONsVvOAo=",
			"requires": {
				"yargs": "^3.15.0"
			}
		},
		"smartdc-auth": {
			"version": "2.5.7",
			"resolved": "https://registry.npmjs.org/smartdc-auth/-/smartdc-auth-2.5.7.tgz",
			"integrity": "sha1-QtRXEOeR3rkt+RMmyO7RvVqELLY=",
			"requires": {
				"assert-plus": "^1.0.0",
				"bunyan": "1.8.12",
				"clone": "0.1.5",
				"dashdash": "1.10.1",
				"http-signature": "^1.0.2",
				"once": "1.3.0",
				"sshpk": "^1.8.3",
				"sshpk-agent": "^1.3.0",
				"vasync": "1.4.3"
			},
			"dependencies": {
				"clone": {
					"version": "0.1.5",
					"resolved": "https://registry.npmjs.org/clone/-/clone-0.1.5.tgz",
					"integrity": "sha1-RvKRQ9B2bWY9vX+At1IKFXg9IEI="
				},
				"dashdash": {
					"version": "1.10.1",
					"resolved": "https://registry.npmjs.org/dashdash/-/dashdash-1.10.1.tgz",
					"integrity": "sha1-Cr8a+JqPUSmoHxjCs1sh3yJiL2A=",
					"requires": {
						"assert-plus": "0.1.x"
					},
					"dependencies": {
						"assert-plus": {
							"version": "0.1.5",
							"resolved": "https://registry.npmjs.org/assert-plus/-/assert-plus-0.1.5.tgz",
							"integrity": "sha1-7nQAlBMALYTOxyGcasgRgS5yMWA="
						}
					}
				},
				"extsprintf": {
					"version": "1.0.0",
					"resolved": "https://registry.npmjs.org/extsprintf/-/extsprintf-1.0.0.tgz",
					"integrity": "sha1-TVi4Fazlvr/E6/A8+YsKdgSpm4Y="
				},
				"json-schema": {
					"version": "0.2.2",
					"resolved": "https://registry.npmjs.org/json-schema/-/json-schema-0.2.2.tgz",
					"integrity": "sha1-UDVPGfYDkXxpX3C4Wvp3w7DyNQY="
				},
				"jsprim": {
					"version": "0.3.0",
					"resolved": "https://registry.npmjs.org/jsprim/-/jsprim-0.3.0.tgz",
					"integrity": "sha1-zRNGbqJIDb2DlqVw1H0x3aR2+LE=",
					"requires": {
						"extsprintf": "1.0.0",
						"json-schema": "0.2.2",
						"verror": "1.3.3"
					},
					"dependencies": {
						"verror": {
							"version": "1.3.3",
							"resolved": "https://registry.npmjs.org/verror/-/verror-1.3.3.tgz",
							"integrity": "sha1-impKw6jHdLb2h/7OSb3/14VS4s0=",
							"requires": {
								"extsprintf": "1.0.0"
							}
						}
					}
				},
				"once": {
					"version": "1.3.0",
					"resolved": "https://registry.npmjs.org/once/-/once-1.3.0.tgz",
					"integrity": "sha1-FRr4a/wfCMS58H0GqyUP/L61ZYE="
				},
				"vasync": {
					"version": "1.4.3",
					"resolved": "https://registry.npmjs.org/vasync/-/vasync-1.4.3.tgz",
					"integrity": "sha1-yG1S4rcWE9Ke7fFZ8xNdvnSc7jc=",
					"requires": {
						"jsprim": "0.3.0",
						"verror": "1.1.0"
					}
				},
				"verror": {
					"version": "1.1.0",
					"resolved": "https://registry.npmjs.org/verror/-/verror-1.1.0.tgz",
					"integrity": "sha1-KktOsUogcFHnWm+U7lExW/FzobA=",
					"requires": {
						"extsprintf": "1.0.0"
					}
				}
			}
		},
		"sprintf": {
			"version": "0.1.1",
			"resolved": "https://registry.npmjs.org/sprintf/-/sprintf-0.1.1.tgz",
			"integrity": "sha1-6JJfyYlOGqaJnpCRx/KhITC3DeU="
		},
		"sshpk": {
			"version": "1.16.1",
			"resolved": "https://registry.npmjs.org/sshpk/-/sshpk-1.16.1.tgz",
			"integrity": "sha512-HXXqVUq7+pcKeLqqZj6mHFUMvXtOJt1uoUx09pFW6011inTMxqI8BA8PM95myrIyyKwdnzjdFjLiE6KBPVtJIg==",
			"requires": {
				"asn1": "~0.2.3",
				"assert-plus": "^1.0.0",
				"bcrypt-pbkdf": "^1.0.0",
				"dashdash": "^1.12.0",
				"ecc-jsbn": "~0.1.1",
				"getpass": "^0.1.1",
				"jsbn": "~0.1.0",
				"safer-buffer": "^2.0.2",
				"tweetnacl": "~0.14.0"
			}
		},
		"sshpk-agent": {
			"version": "1.8.1",
			"resolved": "https://registry.npmjs.org/sshpk-agent/-/sshpk-agent-1.8.1.tgz",
			"integrity": "sha512-YzAzemVrXEf1OeZUpveXLeYUT5VVw/I5gxLeyzq1aMS3pRvFvCeaGliNFjKR3VKtGXRqF9WamqKwYadIG6vStQ==",
			"requires": {
				"assert-plus": "^1.0.0",
				"dashdash": "^1.14.1",
				"getpass": "^0.1.7",
				"mooremachine": "^2.0.1",
				"readable-stream": "^2.1.4",
				"sshpk": ">=1.14.1 < 1.17.0",
				"verror": "^1.10.0"
			},
			"dependencies": {
				"isarray": {
					"version": "1.0.0",
					"resolved": "https://registry.npmjs.org/isarray/-/isarray-1.0.0.tgz",
					"integrity": "sha1-u5NdSFgsuhaMBoNJV6VKPgcSTxE="
				},
				"readable-stream": {
					"version": "2.3.7",
					"resolved": "https://registry.npmjs.org/readable-stream/-/readable-stream-2.3.7.tgz",
					"integrity": "sha512-Ebho8K4jIbHAxnuxi7o42OrZgF/ZTNcsZj6nRKyUmkhLFq8CHItp/fy6hQZuZmP/n3yZ9VBUbp4zz/mX8hmYPw==",
					"requires": {
						"core-util-is": "~1.0.0",
						"inherits": "~2.0.3",
						"isarray": "~1.0.0",
						"process-nextick-args": "~2.0.0",
						"safe-buffer": "~5.1.1",
						"string_decoder": "~1.1.1",
						"util-deprecate": "~1.0.1"
					}
				},
				"safe-buffer": {
					"version": "5.1.2",
					"resolved": "https://registry.npmjs.org/safe-buffer/-/safe-buffer-5.1.2.tgz",
					"integrity": "sha512-Gd2UZBJDkXlY7GbJxfsE8/nvKkUEU1G38c1siN6QP6a9PT9MmHB8GnpscSmMJSoF8LOIrt8ud/wPtojys4G6+g=="
				},
				"string_decoder": {
					"version": "1.1.1",
					"resolved": "https://registry.npmjs.org/string_decoder/-/string_decoder-1.1.1.tgz",
					"integrity": "sha512-n/ShnvDi6FHbbVfviro+WojiFzv+s8MPMHBczVePfUpDJLwoLT0ht1l4YwBCbi8pJAveEEdnkHyPyTP/mzRfwg==",
					"requires": {
						"safe-buffer": "~5.1.0"
					}
				}
			}
		},
		"string-width": {
			"version": "1.0.2",
			"resolved": "https://registry.npmjs.org/string-width/-/string-width-1.0.2.tgz",
			"integrity": "sha1-EYvfW4zcUaKn5w0hHgfisLmxB9M=",
			"requires": {
				"code-point-at": "^1.0.0",
				"is-fullwidth-code-point": "^1.0.0",
				"strip-ansi": "^3.0.0"
			}
		},
		"string_decoder": {
			"version": "1.3.0",
			"resolved": "https://registry.npmjs.org/string_decoder/-/string_decoder-1.3.0.tgz",
			"integrity": "sha512-hkRX8U1WjJFd8LsDJ2yQ/wWWxaopEsABU1XfkM8A+j0+85JAGppt16cr1Whg6KIbb4okU6Mql6BOj+uup/wKeA==",
			"requires": {
				"safe-buffer": "~5.2.0"
			}
		},
		"strip-ansi": {
			"version": "3.0.1",
			"resolved": "https://registry.npmjs.org/strip-ansi/-/strip-ansi-3.0.1.tgz",
			"integrity": "sha1-ajhfuIU9lS1f8F0Oiq+UJ43GPc8=",
			"requires": {
				"ansi-regex": "^2.0.0"
			}
		},
		"strsplit": {
			"version": "1.0.0",
			"resolved": "https://registry.npmjs.org/strsplit/-/strsplit-1.0.0.tgz",
			"integrity": "sha1-D97caOka3c/LLmvpwmJYGm6MKKo="
		},
		"tabula": {
			"version": "1.10.0",
			"resolved": "https://registry.npmjs.org/tabula/-/tabula-1.10.0.tgz",
			"integrity": "sha1-LtZ8r4ytCR3oDkNiKFDYmXE7L0c=",
			"requires": {
				"assert-plus": "^1.0.0",
				"dashdash": "1.x >=1.8",
				"lstream": "0.0.4"
			}
		},
		"tar": {
			"version": "2.2.2",
			"resolved": "https://registry.npmjs.org/tar/-/tar-2.2.2.tgz",
			"integrity": "sha512-FCEhQ/4rE1zYv9rYXJw/msRqsnmlje5jHP6huWeBZ704jUTy02c5AZyWujpMR1ax6mVw9NyJMfuK2CMDWVIfgA==",
			"requires": {
				"block-stream": "*",
				"fstream": "^1.0.12",
				"inherits": "2"
			}
		},
		"tmp": {
			"version": "0.1.0",
			"resolved": "https://registry.npmjs.org/tmp/-/tmp-0.1.0.tgz",
			"integrity": "sha512-J7Z2K08jbGcdA1kkQpJSqLF6T0tdQqpR2pnSUXsIchbPdTI9v3e85cLW0d6WDhwuAleOV71j2xWs8qMPfK7nKw==",
			"requires": {
				"rimraf": "^2.6.3"
			},
			"dependencies": {
				"glob": {
					"version": "7.1.6",
					"resolved": "https://registry.npmjs.org/glob/-/glob-7.1.6.tgz",
					"integrity": "sha512-LwaxwyZ72Lk7vZINtNNrywX0ZuLyStrdDtabefZKAY5ZGJhVtgdznluResxNmPitE0SAO+O26sWTHeKSI2wMBA==",
					"requires": {
						"fs.realpath": "^1.0.0",
						"inflight": "^1.0.4",
						"inherits": "2",
						"minimatch": "^3.0.4",
						"once": "^1.3.0",
						"path-is-absolute": "^1.0.0"
					}
				},
				"rimraf": {
					"version": "2.7.1",
					"resolved": "https://registry.npmjs.org/rimraf/-/rimraf-2.7.1.tgz",
					"integrity": "sha512-uWjbaKIK3T1OSVptzX7Nl6PvQ3qAGtKEtVRjRuazjfL3Bx5eI409VZSqgND+4UNnmzLVdPj9FqFJNPqBZFve4w==",
					"requires": {
						"glob": "^7.1.3"
					}
				}
			}
		},
		"triton": {
			"version": "7.7.1",
			"resolved": "https://registry.npmjs.org/triton/-/triton-7.7.1.tgz",
			"integrity": "sha512-ex2eL9Mw6XInMlG4CJAFUyxyQ/+8Qa6CzdFuGg5t3tlL5YauP3riInRf7NIOxcHJq02f41iBzRqwhXGvIhl6Fg==",
			"requires": {
				"assert-plus": "0.2.0",
				"backoff": "2.4.1",
				"bigspinner": "3.1.0",
				"bunyan": "1.8.12",
				"cmdln": "4.1.2",
				"extsprintf": "1.0.2",
				"getpass": "0.1.6",
				"jsprim": "1.4.0",
				"lomstream": "1.1.0",
				"mkdirp": "0.5.1",
				"once": "1.3.2",
				"read": "1.0.7",
				"restify-clients": "1.5.2",
				"restify-errors": "3.0.0",
				"rimraf": "2.4.4",
				"semver": "5.1.0",
				"smartdc-auth": "2.5.7",
				"sshpk": "^1.14.1",
				"sshpk-agent": "1.7.0",
				"strsplit": "1.0.0",
				"tabula": "1.10.0",
				"vasync": "1.6.3",
				"verror": "1.10.0",
				"which": "1.2.4",
				"wordwrap": "1.0.0"
			},
			"dependencies": {
				"assert-plus": {
					"version": "0.2.0",
					"resolved": "https://registry.npmjs.org/assert-plus/-/assert-plus-0.2.0.tgz",
					"integrity": "sha1-104bh+ev/A24qttwIfP+SBAasjQ="
				},
				"backoff": {
					"version": "2.4.1",
					"resolved": "https://registry.npmjs.org/backoff/-/backoff-2.4.1.tgz",
					"integrity": "sha1-L2jFDg3Xidvv4kIApi77BNJFbWg=",
					"requires": {
						"precond": "0.2"
					}
				},
				"extsprintf": {
					"version": "1.0.2",
					"resolved": "https://registry.npmjs.org/extsprintf/-/extsprintf-1.0.2.tgz",
					"integrity": "sha1-4QgOBljjALBilJkMxw4VAiNf1VA="
				},
				"getpass": {
					"version": "0.1.6",
					"resolved": "https://registry.npmjs.org/getpass/-/getpass-0.1.6.tgz",
					"integrity": "sha1-KD/9n8ElaECHUxHBtg6MQBhxEOY=",
					"requires": {
						"assert-plus": "^1.0.0"
					},
					"dependencies": {
						"assert-plus": {
							"version": "1.0.0",
							"resolved": "https://registry.npmjs.org/assert-plus/-/assert-plus-1.0.0.tgz",
							"integrity": "sha1-8S4PPF13sLHN2RRpQuTpbB5N1SU="
						}
					}
				},
				"glob": {
					"version": "5.0.15",
					"resolved": "https://registry.npmjs.org/glob/-/glob-5.0.15.tgz",
					"integrity": "sha1-G8k2ueAvSmA/zCIuz3Yz0wuLk7E=",
					"requires": {
						"inflight": "^1.0.4",
						"inherits": "2",
						"minimatch": "2 || 3",
						"once": "^1.3.0",
						"path-is-absolute": "^1.0.0"
					}
				},
				"isarray": {
					"version": "1.0.0",
					"resolved": "https://registry.npmjs.org/isarray/-/isarray-1.0.0.tgz",
					"integrity": "sha1-u5NdSFgsuhaMBoNJV6VKPgcSTxE="
				},
				"jsprim": {
					"version": "1.4.0",
					"resolved": "https://registry.npmjs.org/jsprim/-/jsprim-1.4.0.tgz",
					"integrity": "sha1-o7h+QCmNjDgFUtjMdiigu5WiKRg=",
					"requires": {
						"assert-plus": "1.0.0",
						"extsprintf": "1.0.2",
						"json-schema": "0.2.3",
						"verror": "1.3.6"
					},
					"dependencies": {
						"assert-plus": {
							"version": "1.0.0",
							"resolved": "https://registry.npmjs.org/assert-plus/-/assert-plus-1.0.0.tgz",
							"integrity": "sha1-8S4PPF13sLHN2RRpQuTpbB5N1SU="
						},
						"verror": {
							"version": "1.3.6",
							"resolved": "https://registry.npmjs.org/verror/-/verror-1.3.6.tgz",
							"integrity": "sha1-z/XfEpRtKX0rqu+qJoniW+AcAFw=",
							"requires": {
								"extsprintf": "1.0.2"
							}
						}
					}
				},
				"mime": {
					"version": "1.6.0",
					"resolved": "https://registry.npmjs.org/mime/-/mime-1.6.0.tgz",
					"integrity": "sha512-x0Vn8spI+wuJ1O6S7gnbaQg8Pxh4NNHb7KSINmEWKiPE4RKOplvijn+NkmYmmRgP68mc70j2EbeTFRsrswaQeg=="
				},
				"minimist": {
					"version": "0.0.8",
					"resolved": "https://registry.npmjs.org/minimist/-/minimist-0.0.8.tgz",
					"integrity": "sha1-hX/Kv8M5fSYluCKCYuhqp6ARsF0="
				},
				"mkdirp": {
					"version": "0.5.1",
					"resolved": "https://registry.npmjs.org/mkdirp/-/mkdirp-0.5.1.tgz",
					"integrity": "sha1-MAV0OOrGz3+MR2fzhkjWaX11yQM=",
					"requires": {
						"minimist": "0.0.8"
					}
				},
				"once": {
					"version": "1.3.2",
					"resolved": "https://registry.npmjs.org/once/-/once-1.3.2.tgz",
					"integrity": "sha1-2P7sqTsDnsHc3ud0HJK9rF4oCBs=",
					"requires": {
						"wrappy": "1"
					}
				},
				"readable-stream": {
					"version": "2.3.7",
					"resolved": "https://registry.npmjs.org/readable-stream/-/readable-stream-2.3.7.tgz",
					"integrity": "sha512-Ebho8K4jIbHAxnuxi7o42OrZgF/ZTNcsZj6nRKyUmkhLFq8CHItp/fy6hQZuZmP/n3yZ9VBUbp4zz/mX8hmYPw==",
					"requires": {
						"core-util-is": "~1.0.0",
						"inherits": "~2.0.3",
						"isarray": "~1.0.0",
						"process-nextick-args": "~2.0.0",
						"safe-buffer": "~5.1.1",
						"string_decoder": "~1.1.1",
						"util-deprecate": "~1.0.1"
					}
				},
				"restify-clients": {
					"version": "1.5.2",
					"resolved": "https://registry.npmjs.org/restify-clients/-/restify-clients-1.5.2.tgz",
					"integrity": "sha1-1LE9gvKH534utdquFObvhTSqc4k=",
					"requires": {
						"assert-plus": "^1.0.0",
						"backoff": "^2.4.1",
						"bunyan": "^1.8.3",
						"fast-safe-stringify": "^1.1.3",
						"keep-alive-agent": "0.0.1",
						"lodash": "^4.7.0",
						"lru-cache": "^4.0.1",
						"mime": "^1.3.4",
						"once": "^1.3.2",
						"restify-errors": "^3.1.0",
						"semver": "^5.0.1",
						"tunnel-agent": "^0.6.0",
						"uuid": "^3.0.1"
					},
					"dependencies": {
						"assert-plus": {
							"version": "1.0.0",
							"resolved": "https://registry.npmjs.org/assert-plus/-/assert-plus-1.0.0.tgz",
							"integrity": "sha1-8S4PPF13sLHN2RRpQuTpbB5N1SU="
						},
						"restify-errors": {
							"version": "3.1.0",
							"resolved": "https://registry.npmjs.org/restify-errors/-/restify-errors-3.1.0.tgz",
							"integrity": "sha1-BrVHlHeHTAhW14KhLIcH3NrVPxY=",
							"requires": {
								"assert-plus": "^0.2.0",
								"lodash": "^3.10.1",
								"verror": "^1.6.0"
							},
							"dependencies": {
								"assert-plus": {
									"version": "0.2.0",
									"resolved": "https://registry.npmjs.org/assert-plus/-/assert-plus-0.2.0.tgz",
									"integrity": "sha1-104bh+ev/A24qttwIfP+SBAasjQ="
								},
								"lodash": {
									"version": "3.10.1",
									"resolved": "https://registry.npmjs.org/lodash/-/lodash-3.10.1.tgz",
									"integrity": "sha1-W/Rejkm6QYnhfUgnid/RW9FAt7Y="
								}
							}
						}
					}
				},
				"restify-errors": {
					"version": "3.0.0",
					"resolved": "https://registry.npmjs.org/restify-errors/-/restify-errors-3.0.0.tgz",
					"integrity": "sha1-OxcXfUOVSs7OQpFGWpfOG1jPPVc=",
					"requires": {
						"assert-plus": "^0.1.5",
						"lodash": "^3.9.3",
						"verror": "^1.6.0"
					},
					"dependencies": {
						"assert-plus": {
							"version": "0.1.5",
							"resolved": "https://registry.npmjs.org/assert-plus/-/assert-plus-0.1.5.tgz",
							"integrity": "sha1-7nQAlBMALYTOxyGcasgRgS5yMWA="
						},
						"lodash": {
							"version": "3.10.1",
							"resolved": "https://registry.npmjs.org/lodash/-/lodash-3.10.1.tgz",
							"integrity": "sha1-W/Rejkm6QYnhfUgnid/RW9FAt7Y="
						}
					}
				},
				"rimraf": {
					"version": "2.4.4",
					"resolved": "https://registry.npmjs.org/rimraf/-/rimraf-2.4.4.tgz",
					"integrity": "sha1-tSjOLr4ObYn7A7Jl3hHWHaDbz4I=",
					"requires": {
						"glob": "^5.0.14"
					}
				},
				"safe-buffer": {
					"version": "5.1.2",
					"resolved": "https://registry.npmjs.org/safe-buffer/-/safe-buffer-5.1.2.tgz",
					"integrity": "sha512-Gd2UZBJDkXlY7GbJxfsE8/nvKkUEU1G38c1siN6QP6a9PT9MmHB8GnpscSmMJSoF8LOIrt8ud/wPtojys4G6+g=="
				},
				"semver": {
					"version": "5.1.0",
					"resolved": "https://registry.npmjs.org/semver/-/semver-5.1.0.tgz",
					"integrity": "sha1-hfLPhVBGXE3wAM99hvawVBBqueU="
				},
				"sshpk-agent": {
					"version": "1.7.0",
					"resolved": "https://registry.npmjs.org/sshpk-agent/-/sshpk-agent-1.7.0.tgz",
					"integrity": "sha512-zR4GV5XYSypCusFzfTeTSXVqrFJJsK79Ec2KXZdo/x7qxBGSJPPZFtqMcqpXPaJ9VCK7Zn/vI+/kMrqeQILv4w==",
					"requires": {
						"assert-plus": "^1.0.0",
						"mooremachine": "^2.0.1",
						"readable-stream": "^2.1.4",
						"sshpk": ">=1.14.0 < 1.15.0",
						"verror": "^1.10.0"
					},
					"dependencies": {
						"assert-plus": {
							"version": "1.0.0",
							"resolved": "https://registry.npmjs.org/assert-plus/-/assert-plus-1.0.0.tgz",
							"integrity": "sha1-8S4PPF13sLHN2RRpQuTpbB5N1SU="
						},
						"sshpk": {
							"version": "1.14.2",
							"resolved": "https://registry.npmjs.org/sshpk/-/sshpk-1.14.2.tgz",
							"integrity": "sha1-xvxhZIo9nE52T9P8306hBeSSupg=",
							"requires": {
								"asn1": "~0.2.3",
								"assert-plus": "^1.0.0",
								"bcrypt-pbkdf": "^1.0.0",
								"dashdash": "^1.12.0",
								"ecc-jsbn": "~0.1.1",
								"getpass": "^0.1.1",
								"jsbn": "~0.1.0",
								"safer-buffer": "^2.0.2",
								"tweetnacl": "~0.14.0"
							}
						}
					}
				},
				"string_decoder": {
					"version": "1.1.1",
					"resolved": "https://registry.npmjs.org/string_decoder/-/string_decoder-1.1.1.tgz",
					"integrity": "sha512-n/ShnvDi6FHbbVfviro+WojiFzv+s8MPMHBczVePfUpDJLwoLT0ht1l4YwBCbi8pJAveEEdnkHyPyTP/mzRfwg==",
					"requires": {
						"safe-buffer": "~5.1.0"
					}
				},
				"uuid": {
					"version": "3.4.0",
					"resolved": "https://registry.npmjs.org/uuid/-/uuid-3.4.0.tgz",
					"integrity": "sha512-HjSDRw6gZE5JMggctHBcjVak08+KEVhSIiDzFnT9S9aegmp85S/bReBVTb4QTFaRNptJ9kuYaNhnbNEOkbKb/A=="
				},
				"vasync": {
					"version": "1.6.3",
					"resolved": "https://registry.npmjs.org/vasync/-/vasync-1.6.3.tgz",
					"integrity": "sha1-SmnXBSpH9M6FUD12Qd8cv0BDKpQ=",
					"requires": {
						"verror": "1.6.0"
					},
					"dependencies": {
						"extsprintf": {
							"version": "1.2.0",
							"resolved": "https://registry.npmjs.org/extsprintf/-/extsprintf-1.2.0.tgz",
							"integrity": "sha1-WtlGwi9bMrp/jNdCZxHG6KP8JSk="
						},
						"verror": {
							"version": "1.6.0",
							"resolved": "https://registry.npmjs.org/verror/-/verror-1.6.0.tgz",
							"integrity": "sha1-fROyex+swuLakEBetepuW90lLqU=",
							"requires": {
								"extsprintf": "1.2.0"
							}
						}
					}
				}
			}
		},
		"tunnel-agent": {
			"version": "0.6.0",
			"resolved": "https://registry.npmjs.org/tunnel-agent/-/tunnel-agent-0.6.0.tgz",
			"integrity": "sha1-J6XeoGs2sEoKmWZ3SykIaPD8QP0=",
			"requires": {
				"safe-buffer": "^5.0.1"
			}
		},
		"tweetnacl": {
			"version": "0.14.5",
			"resolved": "https://registry.npmjs.org/tweetnacl/-/tweetnacl-0.14.5.tgz",
			"integrity": "sha1-WuaBd/GS1EViadEIr6k/+HQ/T2Q="
		},
		"util-deprecate": {
			"version": "1.0.2",
			"resolved": "https://registry.npmjs.org/util-deprecate/-/util-deprecate-1.0.2.tgz",
			"integrity": "sha1-RQ1Nyfpw3nMnYvvS1KKJgUGaDM8="
		},
		"uuid": {
			"version": "2.0.3",
			"resolved": "https://registry.npmjs.org/uuid/-/uuid-2.0.3.tgz",
			"integrity": "sha1-Z+LoY3lyFVMN/zGOW/nc6/1Hsho="
		},
		"vasync": {
			"version": "2.2.0",
			"resolved": "https://registry.npmjs.org/vasync/-/vasync-2.2.0.tgz",
			"integrity": "sha1-z951GGChWCLbOxMrxZsRakra8Bs=",
			"requires": {
				"verror": "1.10.0"
			}
		},
		"verror": {
			"version": "1.10.0",
			"resolved": "https://registry.npmjs.org/verror/-/verror-1.10.0.tgz",
			"integrity": "sha1-OhBcoXBTr1XW4nDB+CiGguGNpAA=",
			"requires": {
				"assert-plus": "^1.0.0",
				"core-util-is": "1.0.2",
				"extsprintf": "^1.2.0"
			}
		},
		"vstream": {
			"version": "0.1.0",
			"resolved": "https://registry.npmjs.org/vstream/-/vstream-0.1.0.tgz",
			"integrity": "sha1-E1hxkPNOcrp6B+u6p+cKwUex+30=",
			"requires": {
				"assert-plus": "0.1.5",
				"extsprintf": "1.2.0"
			},
			"dependencies": {
				"assert-plus": {
					"version": "0.1.5",
					"resolved": "https://registry.npmjs.org/assert-plus/-/assert-plus-0.1.5.tgz",
					"integrity": "sha1-7nQAlBMALYTOxyGcasgRgS5yMWA="
				},
				"extsprintf": {
					"version": "1.2.0",
					"resolved": "https://registry.npmjs.org/extsprintf/-/extsprintf-1.2.0.tgz",
					"integrity": "sha1-WtlGwi9bMrp/jNdCZxHG6KP8JSk="
				}
			}
		},
		"watershed": {
			"version": "0.3.4",
			"resolved": "https://registry.npmjs.org/watershed/-/watershed-0.3.4.tgz",
			"integrity": "sha1-eTMfZmNms7HGqwLOsEutjdLuuww=",
			"requires": {
				"dtrace-provider": "~0.8",
				"readable-stream": "1.0.2"
			},
			"dependencies": {
				"readable-stream": {
					"version": "1.0.2",
					"resolved": "https://registry.npmjs.org/readable-stream/-/readable-stream-1.0.2.tgz",
					"integrity": "sha1-ITzjaGT8Hw1OmOA7nrksZAQimdQ="
				}
			}
		},
		"which": {
			"version": "1.2.4",
			"resolved": "https://registry.npmjs.org/which/-/which-1.2.4.tgz",
			"integrity": "sha1-FVf5YIBgTlsRs1meufRbUKnv1yI=",
			"requires": {
				"is-absolute": "^0.1.7",
				"isexe": "^1.1.1"
			}
		},
		"window-size": {
			"version": "0.1.4",
			"resolved": "https://registry.npmjs.org/window-size/-/window-size-0.1.4.tgz",
			"integrity": "sha1-+OGqHuWlPsW/FR/6CXQqatdpeHY="
		},
		"wordwrap": {
			"version": "1.0.0",
			"resolved": "https://registry.npmjs.org/wordwrap/-/wordwrap-1.0.0.tgz",
			"integrity": "sha1-J1hIEIkUVqQXHI0CJkQa3pDLyus="
		},
		"wrap-ansi": {
			"version": "2.1.0",
			"resolved": "https://registry.npmjs.org/wrap-ansi/-/wrap-ansi-2.1.0.tgz",
			"integrity": "sha1-2Pw9KE3QV5T+hJc8rs3Rz4JP3YU=",
			"requires": {
				"string-width": "^1.0.1",
				"strip-ansi": "^3.0.1"
			}
		},
		"wrappy": {
			"version": "1.0.2",
			"resolved": "https://registry.npmjs.org/wrappy/-/wrappy-1.0.2.tgz",
			"integrity": "sha1-tSQ9jz7BqjXxNkYFvA0QNuMKtp8="
		},
		"y18n": {
			"version": "3.2.2",
			"resolved": "https://registry.npmjs.org/y18n/-/y18n-3.2.2.tgz",
			"integrity": "sha512-uGZHXkHnhF0XeeAPgnKfPv1bgKAYyVvmNL1xlKsPYZPaIHxGti2hHqvOCQv71XMsLxu1QjergkqogUnms5D3YQ=="
		},
		"yallist": {
			"version": "2.1.2",
			"resolved": "https://registry.npmjs.org/yallist/-/yallist-2.1.2.tgz",
			"integrity": "sha1-HBH5IY8HYImkfdUS+TxmmaaoHVI="
		},
		"yargs": {
			"version": "3.32.0",
			"resolved": "https://registry.npmjs.org/yargs/-/yargs-3.32.0.tgz",
			"integrity": "sha1-AwiOnr+edWtpdRYR0qXvWRSCyZU=",
			"requires": {
				"camelcase": "^2.0.1",
				"cliui": "^3.0.3",
				"decamelize": "^1.1.1",
				"os-locale": "^1.4.0",
				"string-width": "^1.0.1",
				"window-size": "^0.1.4",
				"y18n": "^3.2.0"
			}
		}
	}
}
